
Microsoft Visual Studio Solution File, Format Version 12.00
# Visual Studio 2012
Project("{FAE04EC0-301F-11D3-BF4B-00C04F79EFBC}") = "OnlineExamSystem", "OnlineExamSystem\OnlineExamSystem.csproj", "{129FE44A-5E02-4DB1-AF7A-46A01531F09F}"
EndProject
Global
	GlobalSection(SolutionConfigurationPlatforms) = preSolution
		Debug|Any CPU = Debug|Any CPU
		Release|Any CPU = Release|Any CPU
	EndGlobalSection
	GlobalSection(ProjectConfigurationPlatforms) = postSolution
		{129FE44A-5E02-4DB1-AF7A-46A01531F09F}.Debug|Any CPU.ActiveCfg = Debug|Any CPU
		{129FE44A-5E02-4DB1-AF7A-46A01531F09F}.Debug|Any CPU.Build.0 = Debug|Any CPU
		{129FE44A-5E02-4DB1-AF7A-46A01531F09F}.Release|Any CPU.ActiveCfg = Release|Any CPU
		{129FE44A-5E02-4DB1-AF7A-46A01531F09F}.Release|Any CPU.Build.0 = Release|Any CPU
	EndGlobalSection
	GlobalSection(SolutionProperties) = preSolution
		HideSolutionNode = FALSE
	EndGlobalSection
EndGlobal
